
Microsoft Visual Studio Solution File, Format Version 12.00
# Visual Studio 15
Project("{FAE04EC0-301F-11D3-BF4B-00C04F79EFBC}") = "N3dsCBUM.Plugins", "N3dsCBUM.Plugins.csproj", "{1F710A41-7E28-1623-EDAA-ED4415247A11}"
EndProject
Project("{FAE04EC0-301F-11D3-BF4B-00C04F79EFBC}") = "N3dsCBUM", "N3dsCBUM.csproj", "{EE3D75EE-D5F6-D30E-00B5-E7BDE3847F92}"
EndProject
Project("{FAE04EC0-301F-11D3-BF4B-00C04F79EFBC}") = "N3dsCBUM.Editor", "N3dsCBUM.Editor.csproj", "{97DA2098-A02D-94C6-012E-F63289A5949C}"
EndProject
Global
	GlobalSection(SolutionConfigurationPlatforms) = preSolution
		Debug|Any CPU = Debug|Any CPU
		Release|Any CPU = Release|Any CPU
	EndGlobalSection
	GlobalSection(ProjectConfigurationPlatforms) = postSolution
		{1F710A41-7E28-1623-EDAA-ED4415247A11}.Debug|Any CPU.ActiveCfg = Debug|Any CPU
		{1F710A41-7E28-1623-EDAA-ED4415247A11}.Debug|Any CPU.Build.0 = Debug|Any CPU
		{1F710A41-7E28-1623-EDAA-ED4415247A11}.Release|Any CPU.ActiveCfg = Release|Any CPU
		{1F710A41-7E28-1623-EDAA-ED4415247A11}.Release|Any CPU.Build.0 = Release|Any CPU
		{EE3D75EE-D5F6-D30E-00B5-E7BDE3847F92}.Debug|Any CPU.ActiveCfg = Debug|Any CPU
		{EE3D75EE-D5F6-D30E-00B5-E7BDE3847F92}.Debug|Any CPU.Build.0 = Debug|Any CPU
		{EE3D75EE-D5F6-D30E-00B5-E7BDE3847F92}.Release|Any CPU.ActiveCfg = Release|Any CPU
		{EE3D75EE-D5F6-D30E-00B5-E7BDE3847F92}.Release|Any CPU.Build.0 = Release|Any CPU
		{97DA2098-A02D-94C6-012E-F63289A5949C}.Debug|Any CPU.ActiveCfg = Debug|Any CPU
		{97DA2098-A02D-94C6-012E-F63289A5949C}.Debug|Any CPU.Build.0 = Debug|Any CPU
		{97DA2098-A02D-94C6-012E-F63289A5949C}.Release|Any CPU.ActiveCfg = Release|Any CPU
		{97DA2098-A02D-94C6-012E-F63289A5949C}.Release|Any CPU.Build.0 = Release|Any CPU
	EndGlobalSection
	GlobalSection(SolutionProperties) = preSolution
		HideSolutionNode = FALSE
	EndGlobalSection
EndGlobal
